
Microsoft Visual Studio Solution File, Format Version 12.00
# Visual Studio Version 16
VisualStudioVersion = 16.0.31105.61
MinimumVisualStudioVersion = 10.0.40219.1
Project("{FAE04EC0-301F-11D3-BF4B-00C04F79EFBC}") = "XamMobileApp.Android", "XamMobileApp\XamMobileApp.Android\XamMobileApp.Android.csproj", "{54FCE31B-F5E8-471E-8D0E-FA1B0186FBA7}"
EndProject
Project("{FAE04EC0-301F-11D3-BF4B-00C04F79EFBC}") = "XamMobileApp", "XamMobileApp\XamMobileApp\XamMobileApp.csproj", "{3306AA0A-7300-49B0-BDFB-BD23FCDC8369}"
EndProject
Global
	GlobalSection(SolutionConfigurationPlatforms) = preSolution
		Debug|Any CPU = Debug|Any CPU
		Release|Any CPU = Release|Any CPU
	EndGlobalSection
	GlobalSection(ProjectConfigurationPlatforms) = postSolution
		{54FCE31B-F5E8-471E-8D0E-FA1B0186FBA7}.Debug|Any CPU.ActiveCfg = Debug|Any CPU
		{54FCE31B-F5E8-471E-8D0E-FA1B0186FBA7}.Debug|Any CPU.Build.0 = Debug|Any CPU
		{54FCE31B-F5E8-471E-8D0E-FA1B0186FBA7}.Debug|Any CPU.Deploy.0 = Debug|Any CPU
		{54FCE31B-F5E8-471E-8D0E-FA1B0186FBA7}.Release|Any CPU.ActiveCfg = Release|Any CPU
		{54FCE31B-F5E8-471E-8D0E-FA1B0186FBA7}.Release|Any CPU.Build.0 = Release|Any CPU
		{54FCE31B-F5E8-471E-8D0E-FA1B0186FBA7}.Release|Any CPU.Deploy.0 = Release|Any CPU
		{3306AA0A-7300-49B0-BDFB-BD23FCDC8369}.Debug|Any CPU.ActiveCfg = Debug|Any CPU
		{3306AA0A-7300-49B0-BDFB-BD23FCDC8369}.Debug|Any CPU.Build.0 = Debug|Any CPU
		{3306AA0A-7300-49B0-BDFB-BD23FCDC8369}.Debug|Any CPU.Deploy.0 = Debug|Any CPU
		{3306AA0A-7300-49B0-BDFB-BD23FCDC8369}.Release|Any CPU.ActiveCfg = Release|Any CPU
		{3306AA0A-7300-49B0-BDFB-BD23FCDC8369}.Release|Any CPU.Build.0 = Release|Any CPU
		{3306AA0A-7300-49B0-BDFB-BD23FCDC8369}.Release|Any CPU.Deploy.0 = Release|Any CPU
	EndGlobalSection
	GlobalSection(SolutionProperties) = preSolution
		HideSolutionNode = FALSE
	EndGlobalSection
	GlobalSection(ExtensibilityGlobals) = postSolution
		SolutionGuid = {FDD2E2C4-50CA-485F-9007-E889617B546D}
	EndGlobalSection
EndGlobal
